
Microsoft Visual Studio Solution File, Format Version 11.00
# Visual Studio 2010
Project("{FAE04EC0-301F-11D3-BF4B-00C04F79EFBC}") = "WebSite", "BootStrapMVCHelpers\WebSite.csproj", "{A2D67E32-52E0-4FF3-8E55-5DA8068206A6}"
EndProject
Project("{FAE04EC0-301F-11D3-BF4B-00C04F79EFBC}") = "BSMVCHelpers", "BSMVCHelpers\BSMVCHelpers.csproj", "{F3273B32-BFBC-4162-92A2-0C02F2A43C40}"
EndProject
Global
	GlobalSection(SolutionConfigurationPlatforms) = preSolution
		Debug|Any CPU = Debug|Any CPU
		Release|Any CPU = Release|Any CPU
	EndGlobalSection
	GlobalSection(ProjectConfigurationPlatforms) = postSolution
		{A2D67E32-52E0-4FF3-8E55-5DA8068206A6}.Debug|Any CPU.ActiveCfg = Debug|Any CPU
		{A2D67E32-52E0-4FF3-8E55-5DA8068206A6}.Debug|Any CPU.Build.0 = Debug|Any CPU
		{A2D67E32-52E0-4FF3-8E55-5DA8068206A6}.Release|Any CPU.ActiveCfg = Release|Any CPU
		{A2D67E32-52E0-4FF3-8E55-5DA8068206A6}.Release|Any CPU.Build.0 = Release|Any CPU
		{F3273B32-BFBC-4162-92A2-0C02F2A43C40}.Debug|Any CPU.ActiveCfg = Debug|Any CPU
		{F3273B32-BFBC-4162-92A2-0C02F2A43C40}.Debug|Any CPU.Build.0 = Debug|Any CPU
		{F3273B32-BFBC-4162-92A2-0C02F2A43C40}.Release|Any CPU.ActiveCfg = Release|Any CPU
		{F3273B32-BFBC-4162-92A2-0C02F2A43C40}.Release|Any CPU.Build.0 = Release|Any CPU
	EndGlobalSection
	GlobalSection(SolutionProperties) = preSolution
		HideSolutionNode = FALSE
	EndGlobalSection
EndGlobal
